// !$*UTF8*$!
{
	archiveVersion = 1;
	classes = {
	};
	objectVersion = 46;
	objects = {

/* Begin PBXBuildFile section */
		A827DB2617E9236900C9807E /* Icon.png in Resources */ = {isa = PBXBuildFile; fileRef = A827DB2517E9236900C9807E /* Icon.png */; };
		A827DB2817E9240400C9807E /* icon-114.png in Resources */ = {isa = PBXBuildFile; fileRef = A827DB2717E9240400C9807E /* icon-114.png */; };
		A879C1AC17EB6AFD0032410E /* info.png in Resources */ = {isa = PBXBuildFile; fileRef = A879C1AB17EB6AFD0032410E /* info.png */; };
		A879C1AF17EB85660032410E /* infoDetailViewController.m in Sources */ = {isa = PBXBuildFile; fileRef = A879C1AE17EB85660032410E /* infoDetailViewController.m */; };
		A879C1B217EB9C630032410E /* olymapiaDataModel.m in Sources */ = {isa = PBXBuildFile; fileRef = A879C1B117EB9C630032410E /* olymapiaDataModel.m */; };
		A879C1B517EBE61B0032410E /* infoDataController.m in Sources */ = {isa = PBXBuildFile; fileRef = A879C1B417EBE61B0032410E /* infoDataController.m */; };
		A879C1B717EBFD040032410E /* capital.png in Resources */ = {isa = PBXBuildFile; fileRef = A879C1B617EBFD040032410E /* capital.png */; };
		A89DF55A17F129D30086688B /* Icon-Small.png in Resources */ = {isa = PBXBuildFile; fileRef = A89DF55617F129D30086688B /* Icon-Small.png */; };
		A89DF55B17F129D30086688B /* Icon.png in Resources */ = {isa = PBXBuildFile; fileRef = A89DF55717F129D30086688B /* Icon.png */; };
		A89DF55C17F129D30086688B /* Icon-Small-58.png in Resources */ = {isa = PBXBuildFile; fileRef = A89DF55817F129D30086688B /* Icon-Small-58.png */; };
		A89DF55D17F129D30086688B /* Icon-114.png in Resources */ = {isa = PBXBuildFile; fileRef = A89DF55917F129D30086688B /* Icon-114.png */; };
		A89DF55F17F12D020086688B /* Icon-512.png in Resources */ = {isa = PBXBuildFile; fileRef = A89DF55E17F12D020086688B /* Icon-512.png */; };
		A89DF56217F1307F0086688B /* Icon-Small-80png.png in Resources */ = {isa = PBXBuildFile; fileRef = A89DF56017F1307F0086688B /* Icon-Small-80png.png */; };
		A89DF56317F1307F0086688B /* Icon-120.png in Resources */ = {isa = PBXBuildFile; fileRef = A89DF56117F1307F0086688B /* Icon-120.png */; };
		A8E65D3A17E7DDD10010CF16 /* UIKit.framework in Frameworks */ = {isa = PBXBuildFile; fileRef = A8E65D3917E7DDD10010CF16 /* UIKit.framework */; };
		A8E65D3C17E7DDD10010CF16 /* Foundation.framework in Frameworks */ = {isa = PBXBuildFile; fileRef = A8E65D3B17E7DDD10010CF16 /* Foundation.framework */; };
		A8E65D3E17E7DDD10010CF16 /* CoreGraphics.framework in Frameworks */ = {isa = PBXBuildFile; fileRef = A8E65D3D17E7DDD10010CF16 /* CoreGraphics.framework */; };
		A8E65D4417E7DDD10010CF16 /* InfoPlist.strings in Resources */ = {isa = PBXBuildFile; fileRef = A8E65D4217E7DDD10010CF16 /* InfoPlist.strings */; };
		A8E65D4617E7DDD10010CF16 /* main.m in Sources */ = {isa = PBXBuildFile; fileRef = A8E65D4517E7DDD10010CF16 /* main.m */; };
		A8E65D4A17E7DDD10010CF16 /* olymapiaAppDelegate.m in Sources */ = {isa = PBXBuildFile; fileRef = A8E65D4917E7DDD10010CF16 /* olymapiaAppDelegate.m */; };
		A8E65D4C17E7DDD10010CF16 /* Default.png in Resources */ = {isa = PBXBuildFile; fileRef = A8E65D4B17E7DDD10010CF16 /* Default.png */; };
		A8E65D4E17E7DDD10010CF16 /* Default@2x.png in Resources */ = {isa = PBXBuildFile; fileRef = A8E65D4D17E7DDD10010CF16 /* Default@2x.png */; };
		A8E65D5017E7DDD10010CF16 /* Default-568h@2x.png in Resources */ = {isa = PBXBuildFile; fileRef = A8E65D4F17E7DDD10010CF16 /* Default-568h@2x.png */; };
		A8E65D5317E7DDD10010CF16 /* MainStoryboard.storyboard in Resources */ = {isa = PBXBuildFile; fileRef = A8E65D5117E7DDD10010CF16 /* MainStoryboard.storyboard */; };
		A8E65D5617E7DDD10010CF16 /* olymapiaViewController.m in Sources */ = {isa = PBXBuildFile; fileRef = A8E65D5517E7DDD10010CF16 /* olymapiaViewController.m */; };
		A8E65D5D17E7DDE10010CF16 /* CoreLocation.framework in Frameworks */ = {isa = PBXBuildFile; fileRef = A8E65D5C17E7DDE10010CF16 /* CoreLocation.framework */; };
		A8E65D5F17E7DDE80010CF16 /* MapKit.framework in Frameworks */ = {isa = PBXBuildFile; fileRef = A8E65D5E17E7DDE80010CF16 /* MapKit.framework */; };
		A8E65D6217E7E0DC0010CF16 /* olymapiaMyAnnotation.m in Sources */ = {isa = PBXBuildFile; fileRef = A8E65D6117E7E0DC0010CF16 /* olymapiaMyAnnotation.m */; };
/* End PBXBuildFile section */

/* Begin PBXFileReference section */
		A827DB2517E9236900C9807E /* Icon.png */ = {isa = PBXFileReference; lastKnownFileType = image.png; path = Icon.png; sourceTree = "<group>"; };
		A827DB2717E9240400C9807E /* icon-114.png */ = {isa = PBXFileReference; lastKnownFileType = image.png; path = "icon-114.png"; sourceTree = "<group>"; };
		A879C1AB17EB6AFD0032410E /* info.png */ = {isa = PBXFileReference; lastKnownFileType = image.png; name = info.png; path = ../../info.png; sourceTree = "<group>"; };
		A879C1AD17EB85660032410E /* infoDetailViewController.h */ = {isa = PBXFileReference; fileEncoding = 4; lastKnownFileType = sourcecode.c.h; path = infoDetailViewController.h; sourceTree = "<group>"; };
		A879C1AE17EB85660032410E /* infoDetailViewController.m */ = {isa = PBXFileReference; fileEncoding = 4; lastKnownFileType = sourcecode.c.objc; path = infoDetailViewController.m; sourceTree = "<group>"; };
		A879C1B017EB9C630032410E /* olymapiaDataModel.h */ = {isa = PBXFileReference; fileEncoding = 4; lastKnownFileType = sourcecode.c.h; path = olymapiaDataModel.h; sourceTree = "<group>"; };
		A879C1B117EB9C630032410E /* olymapiaDataModel.m */ = {isa = PBXFileReference; fileEncoding = 4; lastKnownFileType = sourcecode.c.objc; path = olymapiaDataModel.m; sourceTree = "<group>"; };
		A879C1B317EBE61B0032410E /* infoDataController.h */ = {isa = PBXFileReference; fileEncoding = 4; lastKnownFileType = sourcecode.c.h; path = infoDataController.h; sourceTree = "<group>"; };
		A879C1B417EBE61B0032410E /* infoDataController.m */ = {isa = PBXFileReference; fileEncoding = 4; lastKnownFileType = sourcecode.c.objc; path = infoDataController.m; sourceTree = "<group>"; };
		A879C1B617EBFD040032410E /* capital.png */ = {isa = PBXFileReference; lastKnownFileType = image.png; name = capital.png; path = ../../capital.png; sourceTree = "<group>"; };
		A89DF55617F129D30086688B /* Icon-Small.png */ = {isa = PBXFileReference; lastKnownFileType = image.png; name = "Icon-Small.png"; path = "../../Icon-Small.png"; sourceTree = "<group>"; };
		A89DF55717F129D30086688B /* Icon.png */ = {isa = PBXFileReference; lastKnownFileType = image.png; name = Icon.png; path = ../../Icon.png; sourceTree = "<group>"; };
		A89DF55817F129D30086688B /* Icon-Small-58.png */ = {isa = PBXFileReference; lastKnownFileType = image.png; name = "Icon-Small-58.png"; path = "../../Icon-Small-58.png"; sourceTree = "<group>"; };
		A89DF55917F129D30086688B /* Icon-114.png */ = {isa = PBXFileReference; lastKnownFileType = image.png; name = "Icon-114.png"; path = "../../Icon-114.png"; sourceTree = "<group>"; };
		A89DF55E17F12D020086688B /* Icon-512.png */ = {isa = PBXFileReference; lastKnownFileType = image.png; name = "Icon-512.png"; path = "../Icon-512.png"; sourceTree = "<group>"; };
		A89DF56017F1307F0086688B /* Icon-Small-80png.png */ = {isa = PBXFileReference; lastKnownFileType = image.png; name = "Icon-Small-80png.png"; path = "../../Icon-Small-80png.png"; sourceTree = "<group>"; };
		A89DF56117F1307F0086688B /* Icon-120.png */ = {isa = PBXFileReference; lastKnownFileType = image.png; name = "Icon-120.png"; path = "../../Icon-120.png"; sourceTree = "<group>"; };
		A8E65D3617E7DDD10010CF16 /* olymapia.app */ = {isa = PBXFileReference; explicitFileType = wrapper.application; includeInIndex = 0; path = olymapia.app; sourceTree = BUILT_PRODUCTS_DIR; };
		A8E65D3917E7DDD10010CF16 /* UIKit.framework */ = {isa = PBXFileReference; lastKnownFileType = wrapper.framework; name = UIKit.framework; path = System/Library/Frameworks/UIKit.framework; sourceTree = SDKROOT; };
		A8E65D3B17E7DDD10010CF16 /* Foundation.framework */ = {isa = PBXFileReference; lastKnownFileType = wrapper.framework; name = Foundation.framework; path = System/Library/Frameworks/Foundation.framework; sourceTree = SDKROOT; };
		A8E65D3D17E7DDD10010CF16 /* CoreGraphics.framework */ = {isa = PBXFileReference; lastKnownFileType = wrapper.framework; name = CoreGraphics.framework; path = System/Library/Frameworks/CoreGraphics.framework; sourceTree = SDKROOT; };
		A8E65D4117E7DDD10010CF16 /* olymapia-Info.plist */ = {isa = PBXFileReference; lastKnownFileType = text.plist.xml; path = "olymapia-Info.plist"; sourceTree = "<group>"; };
		A8E65D4317E7DDD10010CF16 /* en */ = {isa = PBXFileReference; lastKnownFileType = text.plist.strings; name = en; path = en.lproj/InfoPlist.strings; sourceTree = "<group>"; };
		A8E65D4517E7DDD10010CF16 /* main.m */ = {isa = PBXFileReference; lastKnownFileType = sourcecode.c.objc; path = main.m; sourceTree = "<group>"; };
		A8E65D4717E7DDD10010CF16 /* olymapia-Prefix.pch */ = {isa = PBXFileReference; lastKnownFileType = sourcecode.c.h; path = "olymapia-Prefix.pch"; sourceTree = "<group>"; };
		A8E65D4817E7DDD10010CF16 /* olymapiaAppDelegate.h */ = {isa = PBXFileReference; lastKnownFileType = sourcecode.c.h; path = olymapiaAppDelegate.h; sourceTree = "<group>"; };
		A8E65D4917E7DDD10010CF16 /* olymapiaAppDelegate.m */ = {isa = PBXFileReference; lastKnownFileType = sourcecode.c.objc; path = olymapiaAppDelegate.m; sourceTree = "<group>"; };
		A8E65D4B17E7DDD10010CF16 /* Default.png */ = {isa = PBXFileReference; lastKnownFileType = image.png; path = Default.png; sourceTree = "<group>"; };
		A8E65D4D17E7DDD10010CF16 /* Default@2x.png */ = {isa = PBXFileReference; lastKnownFileType = image.png; path = "Default@2x.png"; sourceTree = "<group>"; };
		A8E65D4F17E7DDD10010CF16 /* Default-568h@2x.png */ = {isa = PBXFileReference; lastKnownFileType = image.png; path = "Default-568h@2x.png"; sourceTree = "<group>"; };
		A8E65D5217E7DDD10010CF16 /* en */ = {isa = PBXFileReference; lastKnownFileType = file.storyboard; name = en; path = en.lproj/MainStoryboard.storyboard; sourceTree = "<group>"; };
		A8E65D5417E7DDD10010CF16 /* olymapiaViewController.h */ = {isa = PBXFileReference; lastKnownFileType = sourcecode.c.h; path = olymapiaViewController.h; sourceTree = "<group>"; };
		A8E65D5517E7DDD10010CF16 /* olymapiaViewController.m */ = {isa = PBXFileReference; lastKnownFileType = sourcecode.c.objc; path = olymapiaViewController.m; sourceTree = "<group>"; };
		A8E65D5C17E7DDE10010CF16 /* CoreLocation.framework */ = {isa = PBXFileReference; lastKnownFileType = wrapper.framework; name = CoreLocation.framework; path = System/Library/Frameworks/CoreLocation.framework; sourceTree = SDKROOT; };
		A8E65D5E17E7DDE80010CF16 /* MapKit.framework */ = {isa = PBXFileReference; lastKnownFileType = wrapper.framework; name = MapKit.framework; path = System/Library/Frameworks/MapKit.framework; sourceTree = SDKROOT; };
		A8E65D6017E7E0DC0010CF16 /* olymapiaMyAnnotation.h */ = {isa = PBXFileReference; fileEncoding = 4; lastKnownFileType = sourcecode.c.h; path = olymapiaMyAnnotation.h; sourceTree = "<group>"; };
		A8E65D6117E7E0DC0010CF16 /* olymapiaMyAnnotation.m */ = {isa = PBXFileReference; fileEncoding = 4; lastKnownFileType = sourcecode.c.objc; path = olymapiaMyAnnotation.m; sourceTree = "<group>"; };
/* End PBXFileReference section */

/* Begin PBXFrameworksBuildPhase section */
		A8E65D3317E7DDD10010CF16 /* Frameworks */ = {
			isa = PBXFrameworksBuildPhase;
			buildActionMask = 2147483647;
			files = (
				A8E65D5F17E7DDE80010CF16 /* MapKit.framework in Frameworks */,
				A8E65D5D17E7DDE10010CF16 /* CoreLocation.framework in Frameworks */,
				A8E65D3A17E7DDD10010CF16 /* UIKit.framework in Frameworks */,
				A8E65D3C17E7DDD10010CF16 /* Foundation.framework in Frameworks */,
				A8E65D3E17E7DDD10010CF16 /* CoreGraphics.framework in Frameworks */,
			);
			runOnlyForDeploymentPostprocessing = 0;
		};
/* End PBXFrameworksBuildPhase section */

/* Begin PBXGroup section */
		A8E65D2D17E7DDD10010CF16 = {
			isa = PBXGroup;
			children = (
				A89DF56017F1307F0086688B /* Icon-Small-80png.png */,
				A89DF56117F1307F0086688B /* Icon-120.png */,
				A89DF55E17F12D020086688B /* Icon-512.png */,
				A879C1AB17EB6AFD0032410E /* info.png */,
				A89DF55617F129D30086688B /* Icon-Small.png */,
				A89DF55717F129D30086688B /* Icon.png */,
				A89DF55817F129D30086688B /* Icon-Small-58.png */,
				A89DF55917F129D30086688B /* Icon-114.png */,
				A879C1B617EBFD040032410E /* capital.png */,
				A827DB2717E9240400C9807E /* icon-114.png */,
				A827DB2517E9236900C9807E /* Icon.png */,
				A8E65D5E17E7DDE80010CF16 /* MapKit.framework */,
				A8E65D5C17E7DDE10010CF16 /* CoreLocation.framework */,
				A8E65D3F17E7DDD10010CF16 /* olymapia */,
				A8E65D3817E7DDD10010CF16 /* Frameworks */,
				A8E65D3717E7DDD10010CF16 /* Products */,
			);
			sourceTree = "<group>";
		};
		A8E65D3717E7DDD10010CF16 /* Products */ = {
			isa = PBXGroup;
			children = (
				A8E65D3617E7DDD10010CF16 /* olymapia.app */,
			);
			name = Products;
			sourceTree = "<group>";
		};
		A8E65D3817E7DDD10010CF16 /* Frameworks */ = {
			isa = PBXGroup;
			children = (
				A8E65D3917E7DDD10010CF16 /* UIKit.framework */,
				A8E65D3B17E7DDD10010CF16 /* Foundation.framework */,
				A8E65D3D17E7DDD10010CF16 /* CoreGraphics.framework */,
			);
			name = Frameworks;
			sourceTree = "<group>";
		};
		A8E65D3F17E7DDD10010CF16 /* olymapia */ = {
			isa = PBXGroup;
			children = (
				A8E65D4817E7DDD10010CF16 /* olymapiaAppDelegate.h */,
				A8E65D4917E7DDD10010CF16 /* olymapiaAppDelegate.m */,
				A8E65D5417E7DDD10010CF16 /* olymapiaViewController.h */,
				A8E65D5517E7DDD10010CF16 /* olymapiaViewController.m */,
				A879C1AD17EB85660032410E /* infoDetailViewController.h */,
				A879C1AE17EB85660032410E /* infoDetailViewController.m */,
				A879C1B017EB9C630032410E /* olymapiaDataModel.h */,
				A879C1B117EB9C630032410E /* olymapiaDataModel.m */,
				A879C1B317EBE61B0032410E /* infoDataController.h */,
				A879C1B417EBE61B0032410E /* infoDataController.m */,
				A8E65D6017E7E0DC0010CF16 /* olymapiaMyAnnotation.h */,
				A8E65D6117E7E0DC0010CF16 /* olymapiaMyAnnotation.m */,
				A8E65D5117E7DDD10010CF16 /* MainStoryboard.storyboard */,
				A8E65D4017E7DDD10010CF16 /* Supporting Files */,
			);
			path = olymapia;
			sourceTree = "<group>";
		};
		A8E65D4017E7DDD10010CF16 /* Supporting Files */ = {
			isa = PBXGroup;
			children = (
				A8E65D4117E7DDD10010CF16 /* olymapia-Info.plist */,
				A8E65D4217E7DDD10010CF16 /* InfoPlist.strings */,
				A8E65D4517E7DDD10010CF16 /* main.m */,
				A8E65D4717E7DDD10010CF16 /* olymapia-Prefix.pch */,
				A8E65D4B17E7DDD10010CF16 /* Default.png */,
				A8E65D4D17E7DDD10010CF16 /* Default@2x.png */,
				A8E65D4F17E7DDD10010CF16 /* Default-568h@2x.png */,
			);
			name = "Supporting Files";
			sourceTree = "<group>";
		};
/* End PBXGroup section */

/* Begin PBXNativeTarget section */
		A8E65D3517E7DDD10010CF16 /* olymapia */ = {
			isa = PBXNativeTarget;
			buildConfigurationList = A8E65D5917E7DDD10010CF16 /* Build configuration list for PBXNativeTarget "olymapia" */;
			buildPhases = (
				A8E65D3217E7DDD10010CF16 /* Sources */,
				A8E65D3317E7DDD10010CF16 /* Frameworks */,
				A8E65D3417E7DDD10010CF16 /* Resources */,
			);
			buildRules = (
			);
			dependencies = (
			);
			name = olymapia;
			productName = olymapia;
			productReference = A8E65D3617E7DDD10010CF16 /* olymapia.app */;
			productType = "com.apple.product-type.application";
		};
/* End PBXNativeTarget section */

/* Begin PBXProject section */
		A8E65D2E17E7DDD10010CF16 /* Project object */ = {
			isa = PBXProject;
			attributes = {
				CLASSPREFIX = olymapia;
				LastUpgradeCheck = 0460;
				ORGANIZATIONNAME = "michael mccarron";
				TargetAttributes = {
					A8E65D3517E7DDD10010CF16 = {
						DevelopmentTeam = 94Q2MAA449;
					};
				};
			};
			buildConfigurationList = A8E65D3117E7DDD10010CF16 /* Build configuration list for PBXProject "olymapia" */;
			compatibilityVersion = "Xcode 3.2";
			developmentRegion = English;
			hasScannedForEncodings = 0;
			knownRegions = (
				en,
			);
			mainGroup = A8E65D2D17E7DDD10010CF16;
			productRefGroup = A8E65D3717E7DDD10010CF16 /* Products */;
			projectDirPath = "";
			projectRoot = "";
			targets = (
				A8E65D3517E7DDD10010CF16 /* olymapia */,
			);
		};
/* End PBXProject section */

/* Begin PBXResourcesBuildPhase section */
		A8E65D3417E7DDD10010CF16 /* Resources */ = {
			isa = PBXResourcesBuildPhase;
			buildActionMask = 2147483647;
			files = (
				A8E65D4417E7DDD10010CF16 /* InfoPlist.strings in Resources */,
				A8E65D4C17E7DDD10010CF16 /* Default.png in Resources */,
				A89DF56217F1307F0086688B /* Icon-Small-80png.png in Resources */,
				A89DF55D17F129D30086688B /* Icon-114.png in Resources */,
				A8E65D4E17E7DDD10010CF16 /* Default@2x.png in Resources */,
				A8E65D5017E7DDD10010CF16 /* Default-568h@2x.png in Resources */,
				A8E65D5317E7DDD10010CF16 /* MainStoryboard.storyboard in Resources */,
				A827DB2617E9236900C9807E /* Icon.png in Resources */,
				A89DF56317F1307F0086688B /* Icon-120.png in Resources */,
				A827DB2817E9240400C9807E /* icon-114.png in Resources */,
				A879C1AC17EB6AFD0032410E /* info.png in Resources */,
				A89DF55B17F129D30086688B /* Icon.png in Resources */,
				A89DF55C17F129D30086688B /* Icon-Small-58.png in Resources */,
				A89DF55F17F12D020086688B /* Icon-512.png in Resources */,
				A89DF55A17F129D30086688B /* Icon-Small.png in Resources */,
				A879C1B717EBFD040032410E /* capital.png in Resources */,
			);
			runOnlyForDeploymentPostprocessing = 0;
		};
/* End PBXResourcesBuildPhase section */

/* Begin PBXSourcesBuildPhase section */
		A8E65D3217E7DDD10010CF16 /* Sources */ = {
			isa = PBXSourcesBuildPhase;
			buildActionMask = 2147483647;
			files = (
				A8E65D4617E7DDD10010CF16 /* main.m in Sources */,
				A8E65D4A17E7DDD10010CF16 /* olymapiaAppDelegate.m in Sources */,
				A8E65D5617E7DDD10010CF16 /* olymapiaViewController.m in Sources */,
				A8E65D6217E7E0DC0010CF16 /* olymapiaMyAnnotation.m in Sources */,
				A879C1AF17EB85660032410E /* infoDetailViewController.m in Sources */,
				A879C1B217EB9C630032410E /* olymapiaDataModel.m in Sources */,
				A879C1B517EBE61B0032410E /* infoDataController.m in Sources */,
			);
			runOnlyForDeploymentPostprocessing = 0;
		};
/* End PBXSourcesBuildPhase section */

/* Begin PBXVariantGroup section */
		A8E65D4217E7DDD10010CF16 /* InfoPlist.strings */ = {
			isa = PBXVariantGroup;
			children = (
				A8E65D4317E7DDD10010CF16 /* en */,
			);
			name = InfoPlist.strings;
			sourceTree = "<group>";
		};
		A8E65D5117E7DDD10010CF16 /* MainStoryboard.storyboard */ = {
			isa = PBXVariantGroup;
			children = (
				A8E65D5217E7DDD10010CF16 /* en */,
			);
			name = MainStoryboard.storyboard;
			sourceTree = "<group>";
		};
/* End PBXVariantGroup section */

/* Begin XCBuildConfiguration section */
		A8E65D5717E7DDD10010CF16 /* Debug */ = {
			isa = XCBuildConfiguration;
			buildSettings = {
				ALWAYS_SEARCH_USER_PATHS = NO;
				CLANG_CXX_LANGUAGE_STANDARD = "gnu++0x";
				CLANG_CXX_LIBRARY = "libc++";
				CLANG_ENABLE_OBJC_ARC = YES;
				CLANG_WARN_CONSTANT_CONVERSION = YES;
				CLANG_WARN_EMPTY_BODY = YES;
				CLANG_WARN_ENUM_CONVERSION = YES;
				CLANG_WARN_INT_CONVERSION = YES;
				CLANG_WARN__DUPLICATE_METHOD_MATCH = YES;
				"CODE_SIGN_IDENTITY[sdk=iphoneos*]" = "iPhone Developer";
				COPY_PHASE_STRIP = NO;
				GCC_C_LANGUAGE_STANDARD = gnu99;
				GCC_DYNAMIC_NO_PIC = NO;
				GCC_OPTIMIZATION_LEVEL = 0;
				GCC_PREPROCESSOR_DEFINITIONS = (
					"DEBUG=1",
					"$(inherited)",
				);
				GCC_SYMBOLS_PRIVATE_EXTERN = NO;
				GCC_WARN_ABOUT_RETURN_TYPE = YES;
				GCC_WARN_UNINITIALIZED_AUTOS = YES;
				GCC_WARN_UNUSED_VARIABLE = YES;
				IPHONEOS_DEPLOYMENT_TARGET = 6.1;
				ONLY_ACTIVE_ARCH = YES;
				SDKROOT = iphoneos;
			};
			name = Debug;
		};
		A8E65D5817E7DDD10010CF16 /* Release */ = {
			isa = XCBuildConfiguration;
			buildSettings = {
				ALWAYS_SEARCH_USER_PATHS = NO;
				CLANG_CXX_LANGUAGE_STANDARD = "gnu++0x";
				CLANG_CXX_LIBRARY = "libc++";
				CLANG_ENABLE_OBJC_ARC = YES;
				CLANG_WARN_CONSTANT_CONVERSION = YES;
				CLANG_WARN_EMPTY_BODY = YES;
				CLANG_WARN_ENUM_CONVERSION = YES;
				CLANG_WARN_INT_CONVERSION = YES;
				CLANG_WARN__DUPLICATE_METHOD_MATCH = YES;
				"CODE_SIGN_IDENTITY[sdk=iphoneos*]" = "iPhone Developer";
				COPY_PHASE_STRIP = YES;
				GCC_C_LANGUAGE_STANDARD = gnu99;
				GCC_WARN_ABOUT_RETURN_TYPE = YES;
				GCC_WARN_UNINITIALIZED_AUTOS = YES;
				GCC_WARN_UNUSED_VARIABLE = YES;
				IPHONEOS_DEPLOYMENT_TARGET = 6.1;
				OTHER_CFLAGS = "-DNS_BLOCK_ASSERTIONS=1";
				SDKROOT = iphoneos;
				VALIDATE_PRODUCT = YES;
			};
			name = Release;
		};
		A8E65D5A17E7DDD10010CF16 /* Debug */ = {
			isa = XCBuildConfiguration;
			buildSettings = {
				CODE_SIGN_IDENTITY = "iPhone Developer";
				"CODE_SIGN_IDENTITY[sdk=iphoneos*]" = "iPhone Developer";
				GCC_PRECOMPILE_PREFIX_HEADER = YES;
				GCC_PREFIX_HEADER = "olymapia/olymapia-Prefix.pch";
				INFOPLIST_FILE = "olymapia/olymapia-Info.plist";
				PRODUCT_NAME = "$(TARGET_NAME)";
				PROVISIONING_PROFILE = "";
				WRAPPER_EXTENSION = app;
			};
			name = Debug;
		};
		A8E65D5B17E7DDD10010CF16 /* Release */ = {
			isa = XCBuildConfiguration;
			buildSettings = {
				CODE_SIGN_IDENTITY = "iPhone Developer";
				"CODE_SIGN_IDENTITY[sdk=iphoneos*]" = "iPhone Developer";
				GCC_PRECOMPILE_PREFIX_HEADER = YES;
				GCC_PREFIX_HEADER = "olymapia/olymapia-Prefix.pch";
				INFOPLIST_FILE = "olymapia/olymapia-Info.plist";
				PRODUCT_NAME = "$(TARGET_NAME)";
				PROVISIONING_PROFILE = "";
				WRAPPER_EXTENSION = app;
			};
			name = Release;
		};
/* End XCBuildConfiguration section */

/* Begin XCConfigurationList section */
		A8E65D3117E7DDD10010CF16 /* Build configuration list for PBXProject "olymapia" */ = {
			isa = XCConfigurationList;
			buildConfigurations = (
				A8E65D5717E7DDD10010CF16 /* Debug */,
				A8E65D5817E7DDD10010CF16 /* Release */,
			);
			defaultConfigurationIsVisible = 0;
			defaultConfigurationName = Release;
		};
		A8E65D5917E7DDD10010CF16 /* Build configuration list for PBXNativeTarget "olymapia" */ = {
			isa = XCConfigurationList;
			buildConfigurations = (
				A8E65D5A17E7DDD10010CF16 /* Debug */,
				A8E65D5B17E7DDD10010CF16 /* Release */,
			);
			defaultConfigurationIsVisible = 0;
			defaultConfigurationName = Release;
		};
/* End XCConfigurationList section */
	};
	rootObject = A8E65D2E17E7DDD10010CF16 /* Project object */;
}
